{
  "requires": true,
  "lockfileVersion": 1,
  "dependencies": {
    "@fontsource/roboto-condensed": {
      "version": "4.5.0",
      "resolved": "https://registry.npmjs.org/@fontsource/roboto-condensed/-/roboto-condensed-4.5.0.tgz",
      "integrity": "sha512-P5On1DdWxWvBHC0kfinxGWOHveAS3wEHKpgfBidl6mzJI/nJyzcPxf5p5k0oT6uY0WzUCPPfsfgCmKMMULAXGg=="
    },
    "@fortawesome/fontawesome-free": {
      "version": "5.15.4",
      "resolved": "https://registry.npmjs.org/@fortawesome/fontawesome-free/-/fontawesome-free-5.15.4.tgz",
      "integrity": "sha512-eYm8vijH/hpzr/6/1CJ/V/Eb1xQFW2nnUKArb3z+yUWv7HTwj6M7SP957oMjfZjAHU6qpoNc2wQvIxBLWYa/Jg=="
    },
    "bootstrap": {
      "version": "5.1.2",
      "resolved": "https://registry.npmjs.org/bootstrap/-/bootstrap-5.1.2.tgz",
      "integrity": "sha512-me838a7TSEkldKyplkx21dqFm16+9NbH/rCj3Myo+h2cByyjckqV4m0OnS8QBsSDEoBv8R2jHqfulGQXpvM8Bw=="
    },
    "bootstrap-icons": {
      "version": "1.5.0",
      "resolved": "https://registry.npmjs.org/bootstrap-icons/-/bootstrap-icons-1.5.0.tgz",
      "integrity": "sha512-44feMc7DE1Ccpsas/1wioN8ewFJNquvi5FewA06wLnqct7CwMdGDVy41ieHaacogzDqLfG8nADIvMNp9e4bfbA=="
    },
    "izitoast": {
      "version": "1.4.0",
      "resolved": "https://registry.npmjs.org/izitoast/-/izitoast-1.4.0.tgz",
      "integrity": "sha512-Oc1X2wiQtPp39i5VpIjf3GJf5sfCtHKXZ5szx7RareyEeFLUlcEW0FSfBni28+Ul6KNKZRKzhVuWzSP4Xngh0w=="
    },
    "sweetalert2": {
      "version": "11.1.7",
      "resolved": "https://registry.npmjs.org/sweetalert2/-/sweetalert2-11.1.7.tgz",
      "integrity": "sha512-7MHQVtKCTORfA9e58g9ZOfT3X58DkSBtvoCQJnqSHobXXb5C7aB8Yg/tAccTFnefCUBU41PoStjXMkzG3bNeig=="
    }
  }
}
